// !$*UTF8*$!
{
	archiveVersion = 1;
	classes = {
	};
	objectVersion = 50;
	objects = {

/* Begin PBXBuildFile section */
		F102246221FE5526006A1B78 /* AppSupport.m in Sources */ = {isa = PBXBuildFile; fileRef = F102246121FE5526006A1B78 /* AppSupport.m */; };
		F102246721FE55B0006A1B78 /* MobileIcons.m in Sources */ = {isa = PBXBuildFile; fileRef = F102246621FE55B0006A1B78 /* MobileIcons.m */; };
		F102246A21FE5D3D006A1B78 /* AnemoneTweakBridge.m in Sources */ = {isa = PBXBuildFile; fileRef = F102246921FE5D3D006A1B78 /* AnemoneTweakBridge.m */; };
		F11174452187DD4600260E89 /* LNZTreeView.swift in Sources */ = {isa = PBXBuildFile; fileRef = F111741E2187DD4600260E89 /* LNZTreeView.swift */; };
		F11174462187DD4600260E89 /* LNZTreeViewDataSource.swift in Sources */ = {isa = PBXBuildFile; fileRef = F111741F2187DD4600260E89 /* LNZTreeViewDataSource.swift */; };
		F11174472187DD4600260E89 /* LNZTreeViewDelegate.swift in Sources */ = {isa = PBXBuildFile; fileRef = F11174202187DD4600260E89 /* LNZTreeViewDelegate.swift */; };
		F1693279218792B70017DF91 /* ActionBlockButton.swift in Sources */ = {isa = PBXBuildFile; fileRef = F1693278218792B70017DF91 /* ActionBlockButton.swift */; };
		F169327B2187BA0B0017DF91 /* GlobalSplitViewController.swift in Sources */ = {isa = PBXBuildFile; fileRef = F169327A2187BA0B0017DF91 /* GlobalSplitViewController.swift */; };
		F1AE69E621FA63D500D4E7EA /* ANEMPreviewController.swift in Sources */ = {isa = PBXBuildFile; fileRef = F1AE69E521FA63D500D4E7EA /* ANEMPreviewController.swift */; };
		F1BE2E3C2187DE2B000D24AC /* Main.storyboard in Resources */ = {isa = PBXBuildFile; fileRef = F1C5393721864B5000CDF1CC /* Main.storyboard */; };
		F1BE2E3D2187DE2E000D24AC /* LaunchScreen.storyboard in Resources */ = {isa = PBXBuildFile; fileRef = F1C5393C21864B5100CDF1CC /* LaunchScreen.storyboard */; };
		F1C12E50218838E9005582D4 /* InlinePreviewProvider.swift in Sources */ = {isa = PBXBuildFile; fileRef = F1C12E4F218838E9005582D4 /* InlinePreviewProvider.swift */; };
		F1C12E592188455B005582D4 /* MobileCoreServices.framework in Frameworks */ = {isa = PBXBuildFile; fileRef = F1C12E582188455B005582D4 /* MobileCoreServices.framework */; };
		F1C12E5B218847DF005582D4 /* LaunchServices.m in Sources */ = {isa = PBXBuildFile; fileRef = F1C12E5A218847DF005582D4 /* LaunchServices.m */; };
		F1C29DF42187DCA900B40F93 /* ANEMThemeListViewController.swift in Sources */ = {isa = PBXBuildFile; fileRef = F1C29DF22187DCA900B40F93 /* ANEMThemeListViewController.swift */; };
		F1C29DF52187DCA900B40F93 /* ANEMThemeListViewController.xib in Resources */ = {isa = PBXBuildFile; fileRef = F1C29DF32187DCA900B40F93 /* ANEMThemeListViewController.xib */; };
		F1C51DCC2200005C0081AFC6 /* SBCalendarApplicationIcon.m in Sources */ = {isa = PBXBuildFile; fileRef = F1C51DCB2200005C0081AFC6 /* SBCalendarApplicationIcon.m */; };
		F1C5393421864B5000CDF1CC /* AppDelegate.swift in Sources */ = {isa = PBXBuildFile; fileRef = F1C5393321864B5000CDF1CC /* AppDelegate.swift */; };
		F1C5393B21864B5100CDF1CC /* Assets.xcassets in Resources */ = {isa = PBXBuildFile; fileRef = F1C5393A21864B5100CDF1CC /* Assets.xcassets */; };
		F1C5394921864B5100CDF1CC /* AnemoneTests.swift in Sources */ = {isa = PBXBuildFile; fileRef = F1C5394821864B5100CDF1CC /* AnemoneTests.swift */; };
		F1C5395421864B5100CDF1CC /* AnemoneUITests.swift in Sources */ = {isa = PBXBuildFile; fileRef = F1C5395321864B5100CDF1CC /* AnemoneUITests.swift */; };
		F1C5396521864F9E00CDF1CC /* ThemeCategoryNode.swift in Sources */ = {isa = PBXBuildFile; fileRef = F1C5396421864F9E00CDF1CC /* ThemeCategoryNode.swift */; };
		F1C5396721864FFD00CDF1CC /* ThemeNode.swift in Sources */ = {isa = PBXBuildFile; fileRef = F1C5396621864FFD00CDF1CC /* ThemeNode.swift */; };
		F1C539762186539E00CDF1CC /* PackageListManager.m in Sources */ = {isa = PBXBuildFile; fileRef = F1C539752186539E00CDF1CC /* PackageListManager.m */; };
		F1C5397D2186542400CDF1CC /* Package.m in Sources */ = {isa = PBXBuildFile; fileRef = F1C5397C2186542400CDF1CC /* Package.m */; };
		F1C539812186554100CDF1CC /* ControlFileParser.m in Sources */ = {isa = PBXBuildFile; fileRef = F1C539802186554100CDF1CC /* ControlFileParser.m */; };
		F1C539852186557400CDF1CC /* NSString-TrimLeadingWhitespace.m in Sources */ = {isa = PBXBuildFile; fileRef = F1C539832186557400CDF1CC /* NSString-TrimLeadingWhitespace.m */; };
		F1C539892186560700CDF1CC /* DpkgWrapper.m in Sources */ = {isa = PBXBuildFile; fileRef = F1C539882186560700CDF1CC /* DpkgWrapper.m */; };
		F1C5398D21866B1100CDF1CC /* ANEMListCategoryTableViewCell.swift in Sources */ = {isa = PBXBuildFile; fileRef = F1C5398B21866B1100CDF1CC /* ANEMListCategoryTableViewCell.swift */; };
		F1C5398E21866B1100CDF1CC /* ANEMListCategoryTableViewCell.xib in Resources */ = {isa = PBXBuildFile; fileRef = F1C5398C21866B1100CDF1CC /* ANEMListCategoryTableViewCell.xib */; };
		F1C5399521866BBB00CDF1CC /* ANEMListThemeTableViewCell.swift in Sources */ = {isa = PBXBuildFile; fileRef = F1C5399321866BBB00CDF1CC /* ANEMListThemeTableViewCell.swift */; };
		F1C5399621866BBB00CDF1CC /* ANEMListThemeTableViewCell.xib in Resources */ = {isa = PBXBuildFile; fileRef = F1C5399421866BBB00CDF1CC /* ANEMListThemeTableViewCell.xib */; };
		F1DCAC482213908B007379D9 /* AnemoneExtensionParameters.m in Sources */ = {isa = PBXBuildFile; fileRef = F1DCAC472213908B007379D9 /* AnemoneExtensionParameters.m */; };
/* End PBXBuildFile section */

/* Begin PBXContainerItemProxy section */
		F1C5394521864B5100CDF1CC /* PBXContainerItemProxy */ = {
			isa = PBXContainerItemProxy;
			containerPortal = F1C5392821864B5000CDF1CC /* Project object */;
			proxyType = 1;
			remoteGlobalIDString = F1C5392F21864B5000CDF1CC;
			remoteInfo = Anemone;
		};
		F1C5395021864B5100CDF1CC /* PBXContainerItemProxy */ = {
			isa = PBXContainerItemProxy;
			containerPortal = F1C5392821864B5000CDF1CC /* Project object */;
			proxyType = 1;
			remoteGlobalIDString = F1C5392F21864B5000CDF1CC;
			remoteInfo = Anemone;
		};
/* End PBXContainerItemProxy section */

/* Begin PBXFileReference section */
		F102246121FE5526006A1B78 /* AppSupport.m */ = {isa = PBXFileReference; lastKnownFileType = sourcecode.c.objc; path = AppSupport.m; sourceTree = "<group>"; };
		F102246521FE556A006A1B78 /* AppSupport.h */ = {isa = PBXFileReference; lastKnownFileType = sourcecode.c.h; path = AppSupport.h; sourceTree = "<group>"; };
		F102246621FE55B0006A1B78 /* MobileIcons.m */ = {isa = PBXFileReference; lastKnownFileType = sourcecode.c.objc; path = MobileIcons.m; sourceTree = "<group>"; };
		F102246821FE55B6006A1B78 /* MobileIcons.h */ = {isa = PBXFileReference; lastKnownFileType = sourcecode.c.h; path = MobileIcons.h; sourceTree = "<group>"; };
		F102246921FE5D3D006A1B78 /* AnemoneTweakBridge.m */ = {isa = PBXFileReference; lastKnownFileType = sourcecode.c.objc; path = AnemoneTweakBridge.m; sourceTree = "<group>"; };
		F102246B21FE5DC0006A1B78 /* AnemoneTweakBridge.h */ = {isa = PBXFileReference; lastKnownFileType = sourcecode.c.h; path = AnemoneTweakBridge.h; sourceTree = "<group>"; };
		F111741E2187DD4600260E89 /* LNZTreeView.swift */ = {isa = PBXFileReference; fileEncoding = 4; lastKnownFileType = sourcecode.swift; path = LNZTreeView.swift; sourceTree = "<group>"; };
		F111741F2187DD4600260E89 /* LNZTreeViewDataSource.swift */ = {isa = PBXFileReference; fileEncoding = 4; lastKnownFileType = sourcecode.swift; path = LNZTreeViewDataSource.swift; sourceTree = "<group>"; };
		F11174202187DD4600260E89 /* LNZTreeViewDelegate.swift */ = {isa = PBXFileReference; fileEncoding = 4; lastKnownFileType = sourcecode.swift; path = LNZTreeViewDelegate.swift; sourceTree = "<group>"; };
		F11174362187DD4600260E89 /* README.md */ = {isa = PBXFileReference; fileEncoding = 4; lastKnownFileType = net.daringfireball.markdown; path = README.md; sourceTree = "<group>"; };
		F1693278218792B70017DF91 /* ActionBlockButton.swift */ = {isa = PBXFileReference; lastKnownFileType = sourcecode.swift; path = ActionBlockButton.swift; sourceTree = "<group>"; };
		F169327A2187BA0B0017DF91 /* GlobalSplitViewController.swift */ = {isa = PBXFileReference; lastKnownFileType = sourcecode.swift; path = GlobalSplitViewController.swift; sourceTree = "<group>"; };
		F169327C2187CF050017DF91 /* Test Themes */ = {isa = PBXFileReference; lastKnownFileType = folder; path = "Test Themes"; sourceTree = "<group>"; };
		F1AE69E521FA63D500D4E7EA /* ANEMPreviewController.swift */ = {isa = PBXFileReference; lastKnownFileType = sourcecode.swift; path = ANEMPreviewController.swift; sourceTree = "<group>"; };
		F1C12E4F218838E9005582D4 /* InlinePreviewProvider.swift */ = {isa = PBXFileReference; lastKnownFileType = sourcecode.swift; path = InlinePreviewProvider.swift; sourceTree = "<group>"; };
		F1C12E562188402B005582D4 /* NSTask.h */ = {isa = PBXFileReference; lastKnownFileType = sourcecode.c.h; path = NSTask.h; sourceTree = "<group>"; };
		F1C12E572188451C005582D4 /* LaunchServices.h */ = {isa = PBXFileReference; lastKnownFileType = sourcecode.c.h; path = LaunchServices.h; sourceTree = "<group>"; };
		F1C12E582188455B005582D4 /* MobileCoreServices.framework */ = {isa = PBXFileReference; lastKnownFileType = wrapper.framework; name = MobileCoreServices.framework; path = System/Library/Frameworks/MobileCoreServices.framework; sourceTree = SDKROOT; };
		F1C12E5A218847DF005582D4 /* LaunchServices.m */ = {isa = PBXFileReference; lastKnownFileType = sourcecode.c.objc; path = LaunchServices.m; sourceTree = "<group>"; };
		F1C29DF22187DCA900B40F93 /* ANEMThemeListViewController.swift */ = {isa = PBXFileReference; fileEncoding = 4; lastKnownFileType = sourcecode.swift; path = ANEMThemeListViewController.swift; sourceTree = "<group>"; };
		F1C29DF32187DCA900B40F93 /* ANEMThemeListViewController.xib */ = {isa = PBXFileReference; fileEncoding = 4; lastKnownFileType = file.xib; path = ANEMThemeListViewController.xib; sourceTree = "<group>"; };
		F1C51DCA2200005C0081AFC6 /* SBCalendarApplicationIcon.h */ = {isa = PBXFileReference; lastKnownFileType = sourcecode.c.h; path = SBCalendarApplicationIcon.h; sourceTree = "<group>"; };
		F1C51DCB2200005C0081AFC6 /* SBCalendarApplicationIcon.m */ = {isa = PBXFileReference; lastKnownFileType = sourcecode.c.objc; path = SBCalendarApplicationIcon.m; sourceTree = "<group>"; };
		F1C5393021864B5000CDF1CC /* Anemone.app */ = {isa = PBXFileReference; explicitFileType = wrapper.application; includeInIndex = 0; path = Anemone.app; sourceTree = BUILT_PRODUCTS_DIR; };
		F1C5393321864B5000CDF1CC /* AppDelegate.swift */ = {isa = PBXFileReference; lastKnownFileType = sourcecode.swift; path = AppDelegate.swift; sourceTree = "<group>"; };
		F1C5393821864B5000CDF1CC /* Base */ = {isa = PBXFileReference; lastKnownFileType = file.storyboard; name = Base; path = Base.lproj/Main.storyboard; sourceTree = "<group>"; };
		F1C5393A21864B5100CDF1CC /* Assets.xcassets */ = {isa = PBXFileReference; lastKnownFileType = folder.assetcatalog; path = Assets.xcassets; sourceTree = "<group>"; };
		F1C5393D21864B5100CDF1CC /* Base */ = {isa = PBXFileReference; lastKnownFileType = file.storyboard; name = Base; path = Base.lproj/LaunchScreen.storyboard; sourceTree = "<group>"; };
		F1C5393F21864B5100CDF1CC /* Info.plist */ = {isa = PBXFileReference; lastKnownFileType = text.plist.xml; path = Info.plist; sourceTree = "<group>"; };
		F1C5394421864B5100CDF1CC /* AnemoneTests.xctest */ = {isa = PBXFileReference; explicitFileType = wrapper.cfbundle; includeInIndex = 0; path = AnemoneTests.xctest; sourceTree = BUILT_PRODUCTS_DIR; };
		F1C5394821864B5100CDF1CC /* AnemoneTests.swift */ = {isa = PBXFileReference; lastKnownFileType = sourcecode.swift; path = AnemoneTests.swift; sourceTree = "<group>"; };
		F1C5394A21864B5100CDF1CC /* Info.plist */ = {isa = PBXFileReference; lastKnownFileType = text.plist.xml; path = Info.plist; sourceTree = "<group>"; };
		F1C5394F21864B5100CDF1CC /* AnemoneUITests.xctest */ = {isa = PBXFileReference; explicitFileType = wrapper.cfbundle; includeInIndex = 0; path = AnemoneUITests.xctest; sourceTree = BUILT_PRODUCTS_DIR; };
		F1C5395321864B5100CDF1CC /* AnemoneUITests.swift */ = {isa = PBXFileReference; lastKnownFileType = sourcecode.swift; path = AnemoneUITests.swift; sourceTree = "<group>"; };
		F1C5395521864B5100CDF1CC /* Info.plist */ = {isa = PBXFileReference; lastKnownFileType = text.plist.xml; path = Info.plist; sourceTree = "<group>"; };
		F1C5396421864F9E00CDF1CC /* ThemeCategoryNode.swift */ = {isa = PBXFileReference; lastKnownFileType = sourcecode.swift; path = ThemeCategoryNode.swift; sourceTree = "<group>"; };
		F1C5396621864FFD00CDF1CC /* ThemeNode.swift */ = {isa = PBXFileReference; lastKnownFileType = sourcecode.swift; path = ThemeNode.swift; sourceTree = "<group>"; };
		F1C5396F2186533A00CDF1CC /* Test Data */ = {isa = PBXFileReference; lastKnownFileType = folder; path = "Test Data"; sourceTree = "<group>"; };
		F1C539732186539D00CDF1CC /* Anemone-Bridging-Header.h */ = {isa = PBXFileReference; lastKnownFileType = sourcecode.c.h; path = "Anemone-Bridging-Header.h"; sourceTree = "<group>"; };
		F1C539742186539E00CDF1CC /* PackageListManager.h */ = {isa = PBXFileReference; lastKnownFileType = sourcecode.c.h; path = PackageListManager.h; sourceTree = "<group>"; };
		F1C539752186539E00CDF1CC /* PackageListManager.m */ = {isa = PBXFileReference; lastKnownFileType = sourcecode.c.objc; path = PackageListManager.m; sourceTree = "<group>"; };
		F1C5397B2186542400CDF1CC /* Package.h */ = {isa = PBXFileReference; fileEncoding = 4; lastKnownFileType = sourcecode.c.h; path = Package.h; sourceTree = "<group>"; };
		F1C5397C2186542400CDF1CC /* Package.m */ = {isa = PBXFileReference; fileEncoding = 4; lastKnownFileType = sourcecode.c.objc; path = Package.m; sourceTree = "<group>"; };
		F1C5397F2186554100CDF1CC /* ControlFileParser.h */ = {isa = PBXFileReference; fileEncoding = 4; lastKnownFileType = sourcecode.c.h; path = ControlFileParser.h; sourceTree = "<group>"; };
		F1C539802186554100CDF1CC /* ControlFileParser.m */ = {isa = PBXFileReference; fileEncoding = 4; lastKnownFileType = sourcecode.c.objc; path = ControlFileParser.m; sourceTree = "<group>"; };
		F1C539832186557400CDF1CC /* NSString-TrimLeadingWhitespace.m */ = {isa = PBXFileReference; fileEncoding = 4; lastKnownFileType = sourcecode.c.objc; path = "NSString-TrimLeadingWhitespace.m"; sourceTree = "<group>"; };
		F1C539842186557400CDF1CC /* NSString-TrimLeadingWhitespace.h */ = {isa = PBXFileReference; fileEncoding = 4; lastKnownFileType = sourcecode.c.h; path = "NSString-TrimLeadingWhitespace.h"; sourceTree = "<group>"; };
		F1C539872186560700CDF1CC /* DpkgWrapper.h */ = {isa = PBXFileReference; fileEncoding = 4; lastKnownFileType = sourcecode.c.h; path = DpkgWrapper.h; sourceTree = "<group>"; };
		F1C539882186560700CDF1CC /* DpkgWrapper.m */ = {isa = PBXFileReference; fileEncoding = 4; lastKnownFileType = sourcecode.c.objc; path = DpkgWrapper.m; sourceTree = "<group>"; };
		F1C5398B21866B1100CDF1CC /* ANEMListCategoryTableViewCell.swift */ = {isa = PBXFileReference; lastKnownFileType = sourcecode.swift; path = ANEMListCategoryTableViewCell.swift; sourceTree = "<group>"; };
		F1C5398C21866B1100CDF1CC /* ANEMListCategoryTableViewCell.xib */ = {isa = PBXFileReference; lastKnownFileType = file.xib; path = ANEMListCategoryTableViewCell.xib; sourceTree = "<group>"; };
		F1C5399321866BBB00CDF1CC /* ANEMListThemeTableViewCell.swift */ = {isa = PBXFileReference; lastKnownFileType = sourcecode.swift; path = ANEMListThemeTableViewCell.swift; sourceTree = "<group>"; };
		F1C5399421866BBB00CDF1CC /* ANEMListThemeTableViewCell.xib */ = {isa = PBXFileReference; lastKnownFileType = file.xib; path = ANEMListThemeTableViewCell.xib; sourceTree = "<group>"; };
		F1DCAC462213908B007379D9 /* AnemoneExtensionParameters.h */ = {isa = PBXFileReference; lastKnownFileType = sourcecode.c.h; path = AnemoneExtensionParameters.h; sourceTree = "<group>"; };
		F1DCAC472213908B007379D9 /* AnemoneExtensionParameters.m */ = {isa = PBXFileReference; lastKnownFileType = sourcecode.c.objc; path = AnemoneExtensionParameters.m; sourceTree = "<group>"; };
/* End PBXFileReference section */

/* Begin PBXFrameworksBuildPhase section */
		F1C5392D21864B5000CDF1CC /* Frameworks */ = {
			isa = PBXFrameworksBuildPhase;
			buildActionMask = 2147483647;
			files = (
				F1C12E592188455B005582D4 /* MobileCoreServices.framework in Frameworks */,
			);
			runOnlyForDeploymentPostprocessing = 0;
		};
		F1C5394121864B5100CDF1CC /* Frameworks */ = {
			isa = PBXFrameworksBuildPhase;
			buildActionMask = 2147483647;
			files = (
			);
			runOnlyForDeploymentPostprocessing = 0;
		};
		F1C5394C21864B5100CDF1CC /* Frameworks */ = {
			isa = PBXFrameworksBuildPhase;
			buildActionMask = 2147483647;
			files = (
			);
			runOnlyForDeploymentPostprocessing = 0;
		};
/* End PBXFrameworksBuildPhase section */

/* Begin PBXGroup section */
		F11174152187DD4600260E89 /* Deps */ = {
			isa = PBXGroup;
			children = (
				F11174162187DD4600260E89 /* LNZTreeView */,
			);
			path = Deps;
			sourceTree = SOURCE_ROOT;
		};
		F11174162187DD4600260E89 /* LNZTreeView */ = {
			isa = PBXGroup;
			children = (
				F111741B2187DD4600260E89 /* LNZTreeView */,
				F11174362187DD4600260E89 /* README.md */,
			);
			path = LNZTreeView;
			sourceTree = "<group>";
		};
		F111741B2187DD4600260E89 /* LNZTreeView */ = {
			isa = PBXGroup;
			children = (
				F111741E2187DD4600260E89 /* LNZTreeView.swift */,
				F111741F2187DD4600260E89 /* LNZTreeViewDataSource.swift */,
				F11174202187DD4600260E89 /* LNZTreeViewDelegate.swift */,
			);
			path = LNZTreeView;
			sourceTree = "<group>";
		};
		F1AE69E421FA63A200D4E7EA /* Theme Preview Controller */ = {
			isa = PBXGroup;
			children = (
				F1DCAC452213906E007379D9 /* Extension Parameters */,
				F1C51DCD2200005F0081AFC6 /* Calendar App Icon */,
				F1AE69E521FA63D500D4E7EA /* ANEMPreviewController.swift */,
			);
			path = "Theme Preview Controller";
			sourceTree = "<group>";
		};
		F1C12E4E218838CB005582D4 /* Inline Preview Provider */ = {
			isa = PBXGroup;
			children = (
				F1C12E4F218838E9005582D4 /* InlinePreviewProvider.swift */,
			);
			path = "Inline Preview Provider";
			sourceTree = "<group>";
		};
		F1C51DCD2200005F0081AFC6 /* Calendar App Icon */ = {
			isa = PBXGroup;
			children = (
				F1C51DCA2200005C0081AFC6 /* SBCalendarApplicationIcon.h */,
				F1C51DCB2200005C0081AFC6 /* SBCalendarApplicationIcon.m */,
			);
			path = "Calendar App Icon";
			sourceTree = "<group>";
		};
		F1C5392721864B5000CDF1CC = {
			isa = PBXGroup;
			children = (
				F1C5393221864B5000CDF1CC /* Anemone */,
				F1C5394721864B5100CDF1CC /* AnemoneTests */,
				F1C5395221864B5100CDF1CC /* AnemoneUITests */,
				F1C5393121864B5000CDF1CC /* Products */,
				FAF93B9363F70B8AEB246082 /* Frameworks */,
			);
			sourceTree = "<group>";
		};
		F1C5393121864B5000CDF1CC /* Products */ = {
			isa = PBXGroup;
			children = (
				F1C5393021864B5000CDF1CC /* Anemone.app */,
				F1C5394421864B5100CDF1CC /* AnemoneTests.xctest */,
				F1C5394F21864B5100CDF1CC /* AnemoneUITests.xctest */,
			);
			name = Products;
			sourceTree = "<group>";
		};
		F1C5393221864B5000CDF1CC /* Anemone */ = {
			isa = PBXGroup;
			children = (
				F11174152187DD4600260E89 /* Deps */,
				F169327C2187CF050017DF91 /* Test Themes */,
				F1C5396F2186533A00CDF1CC /* Test Data */,
				F1C539792186541000CDF1CC /* Sileo Backend */,
				F1C5393321864B5000CDF1CC /* AppDelegate.swift */,
				F1C5398F21866B1900CDF1CC /* Theme List View Controller */,
				F169327A2187BA0B0017DF91 /* GlobalSplitViewController.swift */,
				F1C5393721864B5000CDF1CC /* Main.storyboard */,
				F1C5393A21864B5100CDF1CC /* Assets.xcassets */,
				F1C5393C21864B5100CDF1CC /* LaunchScreen.storyboard */,
				F1C5393F21864B5100CDF1CC /* Info.plist */,
				F1C539732186539D00CDF1CC /* Anemone-Bridging-Header.h */,
				F1C12E562188402B005582D4 /* NSTask.h */,
				F1C12E572188451C005582D4 /* LaunchServices.h */,
				F1C12E5A218847DF005582D4 /* LaunchServices.m */,
				F102246521FE556A006A1B78 /* AppSupport.h */,
				F102246121FE5526006A1B78 /* AppSupport.m */,
				F102246821FE55B6006A1B78 /* MobileIcons.h */,
				F102246621FE55B0006A1B78 /* MobileIcons.m */,
				F102246921FE5D3D006A1B78 /* AnemoneTweakBridge.m */,
				F102246B21FE5DC0006A1B78 /* AnemoneTweakBridge.h */,
			);
			path = Anemone;
			sourceTree = "<group>";
		};
		F1C5394721864B5100CDF1CC /* AnemoneTests */ = {
			isa = PBXGroup;
			children = (
				F1C5394821864B5100CDF1CC /* AnemoneTests.swift */,
				F1C5394A21864B5100CDF1CC /* Info.plist */,
			);
			path = AnemoneTests;
			sourceTree = "<group>";
		};
		F1C5395221864B5100CDF1CC /* AnemoneUITests */ = {
			isa = PBXGroup;
			children = (
				F1C5395321864B5100CDF1CC /* AnemoneUITests.swift */,
				F1C5395521864B5100CDF1CC /* Info.plist */,
			);
			path = AnemoneUITests;
			sourceTree = "<group>";
		};
		F1C53978218653F900CDF1CC /* Package Manager */ = {
			isa = PBXGroup;
			children = (
				F1C539742186539E00CDF1CC /* PackageListManager.h */,
				F1C539752186539E00CDF1CC /* PackageListManager.m */,
			);
			path = "Package Manager";
			sourceTree = "<group>";
		};
		F1C539792186541000CDF1CC /* Sileo Backend */ = {
			isa = PBXGroup;
			children = (
				F1C53986218655FD00CDF1CC /* DPKG Wrapper */,
				F1C539822186556800CDF1CC /* Extensions */,
				F1C5397E2186552F00CDF1CC /* Control File Parser */,
				F1C5397A2186541600CDF1CC /* Objects */,
				F1C53978218653F900CDF1CC /* Package Manager */,
			);
			path = "Sileo Backend";
			sourceTree = "<group>";
		};
		F1C5397A2186541600CDF1CC /* Objects */ = {
			isa = PBXGroup;
			children = (
				F1C5397B2186542400CDF1CC /* Package.h */,
				F1C5397C2186542400CDF1CC /* Package.m */,
			);
			path = Objects;
			sourceTree = "<group>";
		};
		F1C5397E2186552F00CDF1CC /* Control File Parser */ = {
			isa = PBXGroup;
			children = (
				F1C5397F2186554100CDF1CC /* ControlFileParser.h */,
				F1C539802186554100CDF1CC /* ControlFileParser.m */,
			);
			path = "Control File Parser";
			sourceTree = "<group>";
		};
		F1C539822186556800CDF1CC /* Extensions */ = {
			isa = PBXGroup;
			children = (
				F1C539842186557400CDF1CC /* NSString-TrimLeadingWhitespace.h */,
				F1C539832186557400CDF1CC /* NSString-TrimLeadingWhitespace.m */,
			);
			path = Extensions;
			sourceTree = "<group>";
		};
		F1C53986218655FD00CDF1CC /* DPKG Wrapper */ = {
			isa = PBXGroup;
			children = (
				F1C539872186560700CDF1CC /* DpkgWrapper.h */,
				F1C539882186560700CDF1CC /* DpkgWrapper.m */,
			);
			path = "DPKG Wrapper";
			sourceTree = "<group>";
		};
		F1C5398F21866B1900CDF1CC /* Theme List View Controller */ = {
			isa = PBXGroup;
			children = (
				F1AE69E421FA63A200D4E7EA /* Theme Preview Controller */,
				F1C12E4E218838CB005582D4 /* Inline Preview Provider */,
				F1C5399121866B2700CDF1CC /* Nodes */,
				F1C5399021866B2000CDF1CC /* Category Cell */,
				F1C5399221866BAD00CDF1CC /* Theme Cell */,
				F1693278218792B70017DF91 /* ActionBlockButton.swift */,
				F1C29DF22187DCA900B40F93 /* ANEMThemeListViewController.swift */,
				F1C29DF32187DCA900B40F93 /* ANEMThemeListViewController.xib */,
			);
			path = "Theme List View Controller";
			sourceTree = "<group>";
		};
		F1C5399021866B2000CDF1CC /* Category Cell */ = {
			isa = PBXGroup;
			children = (
				F1C5398B21866B1100CDF1CC /* ANEMListCategoryTableViewCell.swift */,
				F1C5398C21866B1100CDF1CC /* ANEMListCategoryTableViewCell.xib */,
			);
			path = "Category Cell";
			sourceTree = "<group>";
		};
		F1C5399121866B2700CDF1CC /* Nodes */ = {
			isa = PBXGroup;
			children = (
				F1C5396421864F9E00CDF1CC /* ThemeCategoryNode.swift */,
				F1C5396621864FFD00CDF1CC /* ThemeNode.swift */,
			);
			path = Nodes;
			sourceTree = "<group>";
		};
		F1C5399221866BAD00CDF1CC /* Theme Cell */ = {
			isa = PBXGroup;
			children = (
				F1C5399321866BBB00CDF1CC /* ANEMListThemeTableViewCell.swift */,
				F1C5399421866BBB00CDF1CC /* ANEMListThemeTableViewCell.xib */,
			);
			path = "Theme Cell";
			sourceTree = "<group>";
		};
		F1DCAC452213906E007379D9 /* Extension Parameters */ = {
			isa = PBXGroup;
			children = (
				F1DCAC462213908B007379D9 /* AnemoneExtensionParameters.h */,
				F1DCAC472213908B007379D9 /* AnemoneExtensionParameters.m */,
			);
			path = "Extension Parameters";
			sourceTree = "<group>";
		};
		FAF93B9363F70B8AEB246082 /* Frameworks */ = {
			isa = PBXGroup;
			children = (
				F1C12E582188455B005582D4 /* MobileCoreServices.framework */,
			);
			name = Frameworks;
			sourceTree = "<group>";
		};
/* End PBXGroup section */

/* Begin PBXNativeTarget section */
		F1C5392F21864B5000CDF1CC /* Anemone */ = {
			isa = PBXNativeTarget;
			buildConfigurationList = F1C5395821864B5100CDF1CC /* Build configuration list for PBXNativeTarget "Anemone" */;
			buildPhases = (
				F1C5392C21864B5000CDF1CC /* Sources */,
				F1C5392D21864B5000CDF1CC /* Frameworks */,
				F1C5392E21864B5000CDF1CC /* Resources */,
				F1B4D9B52187E25900F963B5 /* ShellScript */,
			);
			buildRules = (
			);
			dependencies = (
			);
			name = Anemone;
			productName = Anemone;
			productReference = F1C5393021864B5000CDF1CC /* Anemone.app */;
			productType = "com.apple.product-type.application";
		};
		F1C5394321864B5100CDF1CC /* AnemoneTests */ = {
			isa = PBXNativeTarget;
			buildConfigurationList = F1C5395B21864B5100CDF1CC /* Build configuration list for PBXNativeTarget "AnemoneTests" */;
			buildPhases = (
				F1C5394021864B5100CDF1CC /* Sources */,
				F1C5394121864B5100CDF1CC /* Frameworks */,
				F1C5394221864B5100CDF1CC /* Resources */,
			);
			buildRules = (
			);
			dependencies = (
				F1C5394621864B5100CDF1CC /* PBXTargetDependency */,
			);
			name = AnemoneTests;
			productName = AnemoneTests;
			productReference = F1C5394421864B5100CDF1CC /* AnemoneTests.xctest */;
			productType = "com.apple.product-type.bundle.unit-test";
		};
		F1C5394E21864B5100CDF1CC /* AnemoneUITests */ = {
			isa = PBXNativeTarget;
			buildConfigurationList = F1C5395E21864B5100CDF1CC /* Build configuration list for PBXNativeTarget "AnemoneUITests" */;
			buildPhases = (
				F1C5394B21864B5100CDF1CC /* Sources */,
				F1C5394C21864B5100CDF1CC /* Frameworks */,
				F1C5394D21864B5100CDF1CC /* Resources */,
			);
			buildRules = (
			);
			dependencies = (
				F1C5395121864B5100CDF1CC /* PBXTargetDependency */,
			);
			name = AnemoneUITests;
			productName = AnemoneUITests;
			productReference = F1C5394F21864B5100CDF1CC /* AnemoneUITests.xctest */;
			productType = "com.apple.product-type.bundle.ui-testing";
		};
/* End PBXNativeTarget section */

/* Begin PBXProject section */
		F1C5392821864B5000CDF1CC /* Project object */ = {
			isa = PBXProject;
			attributes = {
				LastSwiftUpdateCheck = 1000;
				LastUpgradeCheck = 1000;
				ORGANIZATIONNAME = CoolStar;
				TargetAttributes = {
					F1C5392F21864B5000CDF1CC = {
						CreatedOnToolsVersion = 10.0;
						LastSwiftMigration = 1000;
					};
					F1C5394321864B5100CDF1CC = {
						CreatedOnToolsVersion = 10.0;
						TestTargetID = F1C5392F21864B5000CDF1CC;
					};
					F1C5394E21864B5100CDF1CC = {
						CreatedOnToolsVersion = 10.0;
						TestTargetID = F1C5392F21864B5000CDF1CC;
					};
				};
			};
			buildConfigurationList = F1C5392B21864B5000CDF1CC /* Build configuration list for PBXProject "Anemone" */;
			compatibilityVersion = "Xcode 9.3";
			developmentRegion = en;
			hasScannedForEncodings = 0;
			knownRegions = (
				en,
				Base,
			);
			mainGroup = F1C5392721864B5000CDF1CC;
			productRefGroup = F1C5393121864B5000CDF1CC /* Products */;
			projectDirPath = "";
			projectRoot = "";
			targets = (
				F1C5392F21864B5000CDF1CC /* Anemone */,
				F1C5394321864B5100CDF1CC /* AnemoneTests */,
				F1C5394E21864B5100CDF1CC /* AnemoneUITests */,
			);
		};
/* End PBXProject section */

/* Begin PBXResourcesBuildPhase section */
		F1C5392E21864B5000CDF1CC /* Resources */ = {
			isa = PBXResourcesBuildPhase;
			buildActionMask = 2147483647;
			files = (
				F1BE2E3C2187DE2B000D24AC /* Main.storyboard in Resources */,
				F1BE2E3D2187DE2E000D24AC /* LaunchScreen.storyboard in Resources */,
				F1C5399621866BBB00CDF1CC /* ANEMListThemeTableViewCell.xib in Resources */,
				F1C5393B21864B5100CDF1CC /* Assets.xcassets in Resources */,
				F1C5398E21866B1100CDF1CC /* ANEMListCategoryTableViewCell.xib in Resources */,
				F1C29DF52187DCA900B40F93 /* ANEMThemeListViewController.xib in Resources */,
			);
			runOnlyForDeploymentPostprocessing = 0;
		};
		F1C5394221864B5100CDF1CC /* Resources */ = {
			isa = PBXResourcesBuildPhase;
			buildActionMask = 2147483647;
			files = (
			);
			runOnlyForDeploymentPostprocessing = 0;
		};
		F1C5394D21864B5100CDF1CC /* Resources */ = {
			isa = PBXResourcesBuildPhase;
			buildActionMask = 2147483647;
			files = (
			);
			runOnlyForDeploymentPostprocessing = 0;
		};
/* End PBXResourcesBuildPhase section */

/* Begin PBXShellScriptBuildPhase section */
		F1B4D9B52187E25900F963B5 /* ShellScript */ = {
			isa = PBXShellScriptBuildPhase;
			buildActionMask = 2147483647;
			files = (
			);
			inputFileListPaths = (
			);
			inputPaths = (
			);
			outputFileListPaths = (
			);
			outputPaths = (
			);
			runOnlyForDeploymentPostprocessing = 0;
			shellPath = /bin/sh;
			shellScript = "if [ \"${PLATFORM_NAME}\" != \"iphoneos\" ]\nthen\nrsync -av --exclude=\".*\" $SRCROOT/Anemone/Test\\ Data \"$BUILT_PRODUCTS_DIR/$CONTENTS_FOLDER_PATH/\"\nrsync -av --exclude=\".*\" $SRCROOT/Anemone/Test\\ Themes \"$BUILT_PRODUCTS_DIR/$CONTENTS_FOLDER_PATH/\"\nfi\n";
		};
/* End PBXShellScriptBuildPhase section */

/* Begin PBXSourcesBuildPhase section */
		F1C5392C21864B5000CDF1CC /* Sources */ = {
			isa = PBXSourcesBuildPhase;
			buildActionMask = 2147483647;
			files = (
				F1C12E50218838E9005582D4 /* InlinePreviewProvider.swift in Sources */,
				F1C5399521866BBB00CDF1CC /* ANEMListThemeTableViewCell.swift in Sources */,
				F11174462187DD4600260E89 /* LNZTreeViewDataSource.swift in Sources */,
				F1C5397D2186542400CDF1CC /* Package.m in Sources */,
				F1C29DF42187DCA900B40F93 /* ANEMThemeListViewController.swift in Sources */,
				F102246A21FE5D3D006A1B78 /* AnemoneTweakBridge.m in Sources */,
				F1C5393421864B5000CDF1CC /* AppDelegate.swift in Sources */,
				F11174452187DD4600260E89 /* LNZTreeView.swift in Sources */,
				F169327B2187BA0B0017DF91 /* GlobalSplitViewController.swift in Sources */,
				F1693279218792B70017DF91 /* ActionBlockButton.swift in Sources */,
				F1C5398D21866B1100CDF1CC /* ANEMListCategoryTableViewCell.swift in Sources */,
				F1C539852186557400CDF1CC /* NSString-TrimLeadingWhitespace.m in Sources */,
				F1C5396521864F9E00CDF1CC /* ThemeCategoryNode.swift in Sources */,
				F1C51DCC2200005C0081AFC6 /* SBCalendarApplicationIcon.m in Sources */,
				F1C539892186560700CDF1CC /* DpkgWrapper.m in Sources */,
				F1AE69E621FA63D500D4E7EA /* ANEMPreviewController.swift in Sources */,
				F102246721FE55B0006A1B78 /* MobileIcons.m in Sources */,
				F1C539812186554100CDF1CC /* ControlFileParser.m in Sources */,
				F1C12E5B218847DF005582D4 /* LaunchServices.m in Sources */,
				F1DCAC482213908B007379D9 /* AnemoneExtensionParameters.m in Sources */,
				F1C539762186539E00CDF1CC /* PackageListManager.m in Sources */,
				F102246221FE5526006A1B78 /* AppSupport.m in Sources */,
				F11174472187DD4600260E89 /* LNZTreeViewDelegate.swift in Sources */,
				F1C5396721864FFD00CDF1CC /* ThemeNode.swift in Sources */,
			);
			runOnlyForDeploymentPostprocessing = 0;
		};
		F1C5394021864B5100CDF1CC /* Sources */ = {
			isa = PBXSourcesBuildPhase;
			buildActionMask = 2147483647;
			files = (
				F1C5394921864B5100CDF1CC /* AnemoneTests.swift in Sources */,
			);
			runOnlyForDeploymentPostprocessing = 0;
		};
		F1C5394B21864B5100CDF1CC /* Sources */ = {
			isa = PBXSourcesBuildPhase;
			buildActionMask = 2147483647;
			files = (
				F1C5395421864B5100CDF1CC /* AnemoneUITests.swift in Sources */,
			);
			runOnlyForDeploymentPostprocessing = 0;
		};
/* End PBXSourcesBuildPhase section */

/* Begin PBXTargetDependency section */
		F1C5394621864B5100CDF1CC /* PBXTargetDependency */ = {
			isa = PBXTargetDependency;
			target = F1C5392F21864B5000CDF1CC /* Anemone */;
			targetProxy = F1C5394521864B5100CDF1CC /* PBXContainerItemProxy */;
		};
		F1C5395121864B5100CDF1CC /* PBXTargetDependency */ = {
			isa = PBXTargetDependency;
			target = F1C5392F21864B5000CDF1CC /* Anemone */;
			targetProxy = F1C5395021864B5100CDF1CC /* PBXContainerItemProxy */;
		};
/* End PBXTargetDependency section */

/* Begin PBXVariantGroup section */
		F1C5393721864B5000CDF1CC /* Main.storyboard */ = {
			isa = PBXVariantGroup;
			children = (
				F1C5393821864B5000CDF1CC /* Base */,
			);
			name = Main.storyboard;
			sourceTree = "<group>";
		};
		F1C5393C21864B5100CDF1CC /* LaunchScreen.storyboard */ = {
			isa = PBXVariantGroup;
			children = (
				F1C5393D21864B5100CDF1CC /* Base */,
			);
			name = LaunchScreen.storyboard;
			sourceTree = "<group>";
		};
/* End PBXVariantGroup section */

/* Begin XCBuildConfiguration section */
		F1C5395621864B5100CDF1CC /* Debug */ = {
			isa = XCBuildConfiguration;
			buildSettings = {
				ALWAYS_SEARCH_USER_PATHS = NO;
				CLANG_ANALYZER_NONNULL = YES;
				CLANG_ANALYZER_NUMBER_OBJECT_CONVERSION = YES_AGGRESSIVE;
				CLANG_CXX_LANGUAGE_STANDARD = "gnu++14";
				CLANG_CXX_LIBRARY = "libc++";
				CLANG_ENABLE_MODULES = YES;
				CLANG_ENABLE_OBJC_ARC = YES;
				CLANG_ENABLE_OBJC_WEAK = YES;
				CLANG_WARN_BLOCK_CAPTURE_AUTORELEASING = YES;
				CLANG_WARN_BOOL_CONVERSION = YES;
				CLANG_WARN_COMMA = YES;
				CLANG_WARN_CONSTANT_CONVERSION = YES;
				CLANG_WARN_DEPRECATED_OBJC_IMPLEMENTATIONS = YES;
				CLANG_WARN_DIRECT_OBJC_ISA_USAGE = YES_ERROR;
				CLANG_WARN_DOCUMENTATION_COMMENTS = YES;
				CLANG_WARN_EMPTY_BODY = YES;
				CLANG_WARN_ENUM_CONVERSION = YES;
				CLANG_WARN_INFINITE_RECURSION = YES;
				CLANG_WARN_INT_CONVERSION = YES;
				CLANG_WARN_NON_LITERAL_NULL_CONVERSION = YES;
				CLANG_WARN_OBJC_IMPLICIT_RETAIN_SELF = YES;
				CLANG_WARN_OBJC_LITERAL_CONVERSION = YES;
				CLANG_WARN_OBJC_ROOT_CLASS = YES_ERROR;
				CLANG_WARN_RANGE_LOOP_ANALYSIS = YES;
				CLANG_WARN_STRICT_PROTOTYPES = YES;
				CLANG_WARN_SUSPICIOUS_MOVE = YES;
				CLANG_WARN_UNGUARDED_AVAILABILITY = YES_AGGRESSIVE;
				CLANG_WARN_UNREACHABLE_CODE = YES;
				CLANG_WARN__DUPLICATE_METHOD_MATCH = YES;
				CODE_SIGN_IDENTITY = "iPhone Developer";
				COPY_PHASE_STRIP = NO;
				DEBUG_INFORMATION_FORMAT = dwarf;
				ENABLE_STRICT_OBJC_MSGSEND = YES;
				ENABLE_TESTABILITY = YES;
				GCC_C_LANGUAGE_STANDARD = gnu11;
				GCC_DYNAMIC_NO_PIC = NO;
				GCC_NO_COMMON_BLOCKS = YES;
				GCC_OPTIMIZATION_LEVEL = 0;
				GCC_PREPROCESSOR_DEFINITIONS = (
					"DEBUG=1",
					"$(inherited)",
				);
				GCC_WARN_64_TO_32_BIT_CONVERSION = YES;
				GCC_WARN_ABOUT_RETURN_TYPE = YES_ERROR;
				GCC_WARN_UNDECLARED_SELECTOR = YES;
				GCC_WARN_UNINITIALIZED_AUTOS = YES_AGGRESSIVE;
				GCC_WARN_UNUSED_FUNCTION = YES;
				GCC_WARN_UNUSED_VARIABLE = YES;
				IPHONEOS_DEPLOYMENT_TARGET = 11.0;
				MTL_ENABLE_DEBUG_INFO = INCLUDE_SOURCE;
				MTL_FAST_MATH = YES;
				ONLY_ACTIVE_ARCH = YES;
				SDKROOT = iphoneos;
				SWIFT_ACTIVE_COMPILATION_CONDITIONS = DEBUG;
				SWIFT_OPTIMIZATION_LEVEL = "-Onone";
				SWIFT_VERSION = 4.2;
			};
			name = Debug;
		};
		F1C5395721864B5100CDF1CC /* Release */ = {
			isa = XCBuildConfiguration;
			buildSettings = {
				ALWAYS_SEARCH_USER_PATHS = NO;
				CLANG_ANALYZER_NONNULL = YES;
				CLANG_ANALYZER_NUMBER_OBJECT_CONVERSION = YES_AGGRESSIVE;
				CLANG_CXX_LANGUAGE_STANDARD = "gnu++14";
				CLANG_CXX_LIBRARY = "libc++";
				CLANG_ENABLE_MODULES = YES;
				CLANG_ENABLE_OBJC_ARC = YES;
				CLANG_ENABLE_OBJC_WEAK = YES;
				CLANG_WARN_BLOCK_CAPTURE_AUTORELEASING = YES;
				CLANG_WARN_BOOL_CONVERSION = YES;
				CLANG_WARN_COMMA = YES;
				CLANG_WARN_CONSTANT_CONVERSION = YES;
				CLANG_WARN_DEPRECATED_OBJC_IMPLEMENTATIONS = YES;
				CLANG_WARN_DIRECT_OBJC_ISA_USAGE = YES_ERROR;
				CLANG_WARN_DOCUMENTATION_COMMENTS = YES;
				CLANG_WARN_EMPTY_BODY = YES;
				CLANG_WARN_ENUM_CONVERSION = YES;
				CLANG_WARN_INFINITE_RECURSION = YES;
				CLANG_WARN_INT_CONVERSION = YES;
				CLANG_WARN_NON_LITERAL_NULL_CONVERSION = YES;
				CLANG_WARN_OBJC_IMPLICIT_RETAIN_SELF = YES;
				CLANG_WARN_OBJC_LITERAL_CONVERSION = YES;
				CLANG_WARN_OBJC_ROOT_CLASS = YES_ERROR;
				CLANG_WARN_RANGE_LOOP_ANALYSIS = YES;
				CLANG_WARN_STRICT_PROTOTYPES = YES;
				CLANG_WARN_SUSPICIOUS_MOVE = YES;
				CLANG_WARN_UNGUARDED_AVAILABILITY = YES_AGGRESSIVE;
				CLANG_WARN_UNREACHABLE_CODE = YES;
				CLANG_WARN__DUPLICATE_METHOD_MATCH = YES;
				CODE_SIGN_IDENTITY = "iPhone Developer";
				COPY_PHASE_STRIP = NO;
				DEBUG_INFORMATION_FORMAT = "dwarf-with-dsym";
				ENABLE_NS_ASSERTIONS = NO;
				ENABLE_STRICT_OBJC_MSGSEND = YES;
				GCC_C_LANGUAGE_STANDARD = gnu11;
				GCC_NO_COMMON_BLOCKS = YES;
				GCC_WARN_64_TO_32_BIT_CONVERSION = YES;
				GCC_WARN_ABOUT_RETURN_TYPE = YES_ERROR;
				GCC_WARN_UNDECLARED_SELECTOR = YES;
				GCC_WARN_UNINITIALIZED_AUTOS = YES_AGGRESSIVE;
				GCC_WARN_UNUSED_FUNCTION = YES;
				GCC_WARN_UNUSED_VARIABLE = YES;
				IPHONEOS_DEPLOYMENT_TARGET = 11.0;
				MTL_ENABLE_DEBUG_INFO = NO;
				MTL_FAST_MATH = YES;
				SDKROOT = iphoneos;
				SWIFT_COMPILATION_MODE = wholemodule;
				SWIFT_OPTIMIZATION_LEVEL = "-O";
				SWIFT_VERSION = 4.2;
				VALIDATE_PRODUCT = YES;
			};
			name = Release;
		};
		F1C5395921864B5100CDF1CC /* Debug */ = {
			isa = XCBuildConfiguration;
			buildSettings = {
				ASSETCATALOG_COMPILER_APPICON_NAME = AppIcon;
				CLANG_ENABLE_MODULES = YES;
				CODE_SIGN_STYLE = Manual;
				DEVELOPMENT_TEAM = "";
				ENABLE_BITCODE = NO;
				INFOPLIST_FILE = Anemone/Info.plist;
				IPHONEOS_DEPLOYMENT_TARGET = 10.3;
				LD_RUNPATH_SEARCH_PATHS = (
					"$(inherited)",
					"@executable_path/Frameworks",
					/usr/lib/libswift/stable,
				);
				PRODUCT_BUNDLE_IDENTIFIER = com.anemoneteam.anemone;
				PRODUCT_NAME = "$(TARGET_NAME)";
				PROVISIONING_PROFILE_SPECIFIER = "";
				SWIFT_OBJC_BRIDGING_HEADER = "Anemone/Anemone-Bridging-Header.h";
				SWIFT_OPTIMIZATION_LEVEL = "-Onone";
				TARGETED_DEVICE_FAMILY = "1,2";
			};
			name = Debug;
		};
		F1C5395A21864B5100CDF1CC /* Release */ = {
			isa = XCBuildConfiguration;
			buildSettings = {
				ASSETCATALOG_COMPILER_APPICON_NAME = AppIcon;
				CLANG_ENABLE_MODULES = YES;
				CODE_SIGN_STYLE = Manual;
				DEVELOPMENT_TEAM = "";
				ENABLE_BITCODE = NO;
				INFOPLIST_FILE = Anemone/Info.plist;
				IPHONEOS_DEPLOYMENT_TARGET = 10.3;
				LD_RUNPATH_SEARCH_PATHS = (
					"$(inherited)",
					"@executable_path/Frameworks",
					/usr/lib/libswift/stable,
				);
				PRODUCT_BUNDLE_IDENTIFIER = com.anemoneteam.anemone;
				PRODUCT_NAME = "$(TARGET_NAME)";
				PROVISIONING_PROFILE_SPECIFIER = "";
				SWIFT_OBJC_BRIDGING_HEADER = "Anemone/Anemone-Bridging-Header.h";
				TARGETED_DEVICE_FAMILY = "1,2";
			};
			name = Release;
		};
		F1C5395C21864B5100CDF1CC /* Debug */ = {
			isa = XCBuildConfiguration;
			buildSettings = {
				ALWAYS_EMBED_SWIFT_STANDARD_LIBRARIES = YES;
				BUNDLE_LOADER = "$(TEST_HOST)";
				CODE_SIGN_STYLE = Automatic;
				INFOPLIST_FILE = AnemoneTests/Info.plist;
				LD_RUNPATH_SEARCH_PATHS = (
					"$(inherited)",
					"@executable_path/Frameworks",
					"@loader_path/Frameworks",
				);
				PRODUCT_BUNDLE_IDENTIFIER = org.coolstar.AnemoneTests;
				PRODUCT_NAME = "$(TARGET_NAME)";
				SWIFT_VERSION = 4.2;
				TARGETED_DEVICE_FAMILY = "1,2";
				TEST_HOST = "$(BUILT_PRODUCTS_DIR)/Anemone.app/Anemone";
			};
			name = Debug;
		};
		F1C5395D21864B5100CDF1CC /* Release */ = {
			isa = XCBuildConfiguration;
			buildSettings = {
				ALWAYS_EMBED_SWIFT_STANDARD_LIBRARIES = YES;
				BUNDLE_LOADER = "$(TEST_HOST)";
				CODE_SIGN_STYLE = Automatic;
				INFOPLIST_FILE = AnemoneTests/Info.plist;
				LD_RUNPATH_SEARCH_PATHS = (
					"$(inherited)",
					"@executable_path/Frameworks",
					"@loader_path/Frameworks",
				);
				PRODUCT_BUNDLE_IDENTIFIER = org.coolstar.AnemoneTests;
				PRODUCT_NAME = "$(TARGET_NAME)";
				SWIFT_VERSION = 4.2;
				TARGETED_DEVICE_FAMILY = "1,2";
				TEST_HOST = "$(BUILT_PRODUCTS_DIR)/Anemone.app/Anemone";
			};
			name = Release;
		};
		F1C5395F21864B5100CDF1CC /* Debug */ = {
			isa = XCBuildConfiguration;
			buildSettings = {
				ALWAYS_EMBED_SWIFT_STANDARD_LIBRARIES = YES;
				CODE_SIGN_STYLE = Automatic;
				INFOPLIST_FILE = AnemoneUITests/Info.plist;
				LD_RUNPATH_SEARCH_PATHS = (
					"$(inherited)",
					"@executable_path/Frameworks",
					"@loader_path/Frameworks",
				);
				PRODUCT_BUNDLE_IDENTIFIER = org.coolstar.AnemoneUITests;
				PRODUCT_NAME = "$(TARGET_NAME)";
				SWIFT_VERSION = 4.2;
				TARGETED_DEVICE_FAMILY = "1,2";
				TEST_TARGET_NAME = Anemone;
			};
			name = Debug;
		};
		F1C5396021864B5100CDF1CC /* Release */ = {
			isa = XCBuildConfiguration;
			buildSettings = {
				ALWAYS_EMBED_SWIFT_STANDARD_LIBRARIES = YES;
				CODE_SIGN_STYLE = Automatic;
				INFOPLIST_FILE = AnemoneUITests/Info.plist;
				LD_RUNPATH_SEARCH_PATHS = (
					"$(inherited)",
					"@executable_path/Frameworks",
					"@loader_path/Frameworks",
				);
				PRODUCT_BUNDLE_IDENTIFIER = org.coolstar.AnemoneUITests;
				PRODUCT_NAME = "$(TARGET_NAME)";
				SWIFT_VERSION = 4.2;
				TARGETED_DEVICE_FAMILY = "1,2";
				TEST_TARGET_NAME = Anemone;
			};
			name = Release;
		};
/* End XCBuildConfiguration section */

/* Begin XCConfigurationList section */
		F1C5392B21864B5000CDF1CC /* Build configuration list for PBXProject "Anemone" */ = {
			isa = XCConfigurationList;
			buildConfigurations = (
				F1C5395621864B5100CDF1CC /* Debug */,
				F1C5395721864B5100CDF1CC /* Release */,
			);
			defaultConfigurationIsVisible = 0;
			defaultConfigurationName = Release;
		};
		F1C5395821864B5100CDF1CC /* Build configuration list for PBXNativeTarget "Anemone" */ = {
			isa = XCConfigurationList;
			buildConfigurations = (
				F1C5395921864B5100CDF1CC /* Debug */,
				F1C5395A21864B5100CDF1CC /* Release */,
			);
			defaultConfigurationIsVisible = 0;
			defaultConfigurationName = Release;
		};
		F1C5395B21864B5100CDF1CC /* Build configuration list for PBXNativeTarget "AnemoneTests" */ = {
			isa = XCConfigurationList;
			buildConfigurations = (
				F1C5395C21864B5100CDF1CC /* Debug */,
				F1C5395D21864B5100CDF1CC /* Release */,
			);
			defaultConfigurationIsVisible = 0;
			defaultConfigurationName = Release;
		};
		F1C5395E21864B5100CDF1CC /* Build configuration list for PBXNativeTarget "AnemoneUITests" */ = {
			isa = XCConfigurationList;
			buildConfigurations = (
				F1C5395F21864B5100CDF1CC /* Debug */,
				F1C5396021864B5100CDF1CC /* Release */,
			);
			defaultConfigurationIsVisible = 0;
			defaultConfigurationName = Release;
		};
/* End XCConfigurationList section */
	};
	rootObject = F1C5392821864B5000CDF1CC /* Project object */;
}
